// !$*UTF8*$!
{
	archiveVersion = 1;
	classes = {
	};
	objectVersion = 50;
	objects = {

/* Begin PBXBuildFile section */
		EA25C4932506B51A0046441A /* LocationView.swift in Sources */ = {isa = PBXBuildFile; fileRef = EA25C4922506B51A0046441A /* LocationView.swift */; };
		EA25C4982506B6430046441A /* mask_up.xcdatamodeld in Sources */ = {isa = PBXBuildFile; fileRef = EA25C4962506B6430046441A /* mask_up.xcdatamodeld */; };
		EA25C49F2506B7560046441A /* MaskReminder+CoreDataClass.swift in Sources */ = {isa = PBXBuildFile; fileRef = EA25C49D2506B7560046441A /* MaskReminder+CoreDataClass.swift */; };
		EA25C4A02506B7560046441A /* MaskReminder+CoreDataProperties.swift in Sources */ = {isa = PBXBuildFile; fileRef = EA25C49E2506B7560046441A /* MaskReminder+CoreDataProperties.swift */; };
		EA2721DA24EA10E900CF1D40 /* EditDataSheet.swift in Sources */ = {isa = PBXBuildFile; fileRef = EA2721D924EA10E900CF1D40 /* EditDataSheet.swift */; };
		EA2721DD24ECBBA000CF1D40 /* CoreDataUtility.swift in Sources */ = {isa = PBXBuildFile; fileRef = EA2721DC24ECBBA000CF1D40 /* CoreDataUtility.swift */; };
		EA2721F424F6080300CF1D40 /* LocationNotificationScheduler.swift in Sources */ = {isa = PBXBuildFile; fileRef = EA2721F324F6080300CF1D40 /* LocationNotificationScheduler.swift */; };
		EAC7CEB024E3849700ECBAB5 /* AppDelegate.swift in Sources */ = {isa = PBXBuildFile; fileRef = EAC7CEAF24E3849700ECBAB5 /* AppDelegate.swift */; };
		EAC7CEB224E3849700ECBAB5 /* SceneDelegate.swift in Sources */ = {isa = PBXBuildFile; fileRef = EAC7CEB124E3849700ECBAB5 /* SceneDelegate.swift */; };
		EAC7CEB624E3849800ECBAB5 /* Assets.xcassets in Resources */ = {isa = PBXBuildFile; fileRef = EAC7CEB524E3849800ECBAB5 /* Assets.xcassets */; };
		EAC7CEB924E3849800ECBAB5 /* Preview Assets.xcassets in Resources */ = {isa = PBXBuildFile; fileRef = EAC7CEB824E3849800ECBAB5 /* Preview Assets.xcassets */; };
		EAC7CEBC24E3849800ECBAB5 /* LaunchScreen.storyboard in Resources */ = {isa = PBXBuildFile; fileRef = EAC7CEBA24E3849800ECBAB5 /* LaunchScreen.storyboard */; };
		EAC7CF1F24E39A8A00ECBAB5 /* ContentView.swift in Sources */ = {isa = PBXBuildFile; fileRef = EAC7CF1E24E39A4600ECBAB5 /* ContentView.swift */; };
		EAC7CF2024E39A8C00ECBAB5 /* NewDataSheet.swift in Sources */ = {isa = PBXBuildFile; fileRef = EAC7CF1D24E39A4600ECBAB5 /* NewDataSheet.swift */; };
		EAF6C79C24E3A25B00998955 /* MultipleSelectionRow.swift in Sources */ = {isa = PBXBuildFile; fileRef = EAF6C79B24E3A25B00998955 /* MultipleSelectionRow.swift */; };
		EAF6C79E24E3A3C400998955 /* MultipleSelectionList.swift in Sources */ = {isa = PBXBuildFile; fileRef = EAF6C79D24E3A3C400998955 /* MultipleSelectionList.swift */; };
		EAF6C7BB24E9F9C000998955 /* MaskReminderRow.swift in Sources */ = {isa = PBXBuildFile; fileRef = EAF6C7BA24E9F9C000998955 /* MaskReminderRow.swift */; };
		EAF6C7BD24EA02C200998955 /* tmp.txt in Resources */ = {isa = PBXBuildFile; fileRef = EAF6C7BC24EA02C200998955 /* tmp.txt */; };
/* End PBXBuildFile section */

/* Begin PBXFileReference section */
		EA25C4922506B51A0046441A /* LocationView.swift */ = {isa = PBXFileReference; lastKnownFileType = sourcecode.swift; path = LocationView.swift; sourceTree = "<group>"; };
		EA25C4972506B6430046441A /* mask_up.xcdatamodel */ = {isa = PBXFileReference; lastKnownFileType = wrapper.xcdatamodel; path = mask_up.xcdatamodel; sourceTree = "<group>"; };
		EA25C49D2506B7560046441A /* MaskReminder+CoreDataClass.swift */ = {isa = PBXFileReference; lastKnownFileType = sourcecode.swift; path = "MaskReminder+CoreDataClass.swift"; sourceTree = "<group>"; };
		EA25C49E2506B7560046441A /* MaskReminder+CoreDataProperties.swift */ = {isa = PBXFileReference; lastKnownFileType = sourcecode.swift; path = "MaskReminder+CoreDataProperties.swift"; sourceTree = "<group>"; };
		EA2721D924EA10E900CF1D40 /* EditDataSheet.swift */ = {isa = PBXFileReference; lastKnownFileType = sourcecode.swift; path = EditDataSheet.swift; sourceTree = "<group>"; };
		EA2721DC24ECBBA000CF1D40 /* CoreDataUtility.swift */ = {isa = PBXFileReference; lastKnownFileType = sourcecode.swift; path = CoreDataUtility.swift; sourceTree = "<group>"; };
		EA2721F324F6080300CF1D40 /* LocationNotificationScheduler.swift */ = {isa = PBXFileReference; lastKnownFileType = sourcecode.swift; path = LocationNotificationScheduler.swift; sourceTree = "<group>"; };
		EAC7CEAC24E3849700ECBAB5 /* mask_up.app */ = {isa = PBXFileReference; explicitFileType = wrapper.application; includeInIndex = 0; path = mask_up.app; sourceTree = BUILT_PRODUCTS_DIR; };
		EAC7CEAF24E3849700ECBAB5 /* AppDelegate.swift */ = {isa = PBXFileReference; lastKnownFileType = sourcecode.swift; path = AppDelegate.swift; sourceTree = "<group>"; };
		EAC7CEB124E3849700ECBAB5 /* SceneDelegate.swift */ = {isa = PBXFileReference; lastKnownFileType = sourcecode.swift; path = SceneDelegate.swift; sourceTree = "<group>"; };
		EAC7CEB524E3849800ECBAB5 /* Assets.xcassets */ = {isa = PBXFileReference; lastKnownFileType = folder.assetcatalog; path = Assets.xcassets; sourceTree = "<group>"; };
		EAC7CEB824E3849800ECBAB5 /* Preview Assets.xcassets */ = {isa = PBXFileReference; lastKnownFileType = folder.assetcatalog; path = "Preview Assets.xcassets"; sourceTree = "<group>"; };
		EAC7CEBB24E3849800ECBAB5 /* Base */ = {isa = PBXFileReference; lastKnownFileType = file.storyboard; name = Base; path = Base.lproj/LaunchScreen.storyboard; sourceTree = "<group>"; };
		EAC7CEBD24E3849800ECBAB5 /* Info.plist */ = {isa = PBXFileReference; lastKnownFileType = text.plist.xml; path = Info.plist; sourceTree = "<group>"; };
		EAC7CF1D24E39A4600ECBAB5 /* NewDataSheet.swift */ = {isa = PBXFileReference; lastKnownFileType = sourcecode.swift; path = NewDataSheet.swift; sourceTree = "<group>"; };
		EAC7CF1E24E39A4600ECBAB5 /* ContentView.swift */ = {isa = PBXFileReference; lastKnownFileType = sourcecode.swift; path = ContentView.swift; sourceTree = "<group>"; };
		EAF6C79B24E3A25B00998955 /* MultipleSelectionRow.swift */ = {isa = PBXFileReference; lastKnownFileType = sourcecode.swift; path = MultipleSelectionRow.swift; sourceTree = "<group>"; };
		EAF6C79D24E3A3C400998955 /* MultipleSelectionList.swift */ = {isa = PBXFileReference; lastKnownFileType = sourcecode.swift; path = MultipleSelectionList.swift; sourceTree = "<group>"; };
		EAF6C7BA24E9F9C000998955 /* MaskReminderRow.swift */ = {isa = PBXFileReference; lastKnownFileType = sourcecode.swift; path = MaskReminderRow.swift; sourceTree = "<group>"; };
		EAF6C7BC24EA02C200998955 /* tmp.txt */ = {isa = PBXFileReference; lastKnownFileType = text; path = tmp.txt; sourceTree = "<group>"; };
/* End PBXFileReference section */

/* Begin PBXFrameworksBuildPhase section */
		EAC7CEA924E3849700ECBAB5 /* Frameworks */ = {
			isa = PBXFrameworksBuildPhase;
			buildActionMask = 2147483647;
			files = (
			);
			runOnlyForDeploymentPostprocessing = 0;
		};
/* End PBXFrameworksBuildPhase section */

/* Begin PBXGroup section */
		EA2721DB24ECBB8F00CF1D40 /* Utilities */ = {
			isa = PBXGroup;
			children = (
				EA2721DC24ECBBA000CF1D40 /* CoreDataUtility.swift */,
				EA2721F324F6080300CF1D40 /* LocationNotificationScheduler.swift */,
			);
			path = Utilities;
			sourceTree = "<group>";
		};
		EAC7CEA324E3849700ECBAB5 = {
			isa = PBXGroup;
			children = (
				EAC7CEAE24E3849700ECBAB5 /* mask_up */,
				EAC7CEAD24E3849700ECBAB5 /* Products */,
			);
			sourceTree = "<group>";
		};
		EAC7CEAD24E3849700ECBAB5 /* Products */ = {
			isa = PBXGroup;
			children = (
				EAC7CEAC24E3849700ECBAB5 /* mask_up.app */,
			);
			name = Products;
			sourceTree = "<group>";
		};
		EAC7CEAE24E3849700ECBAB5 /* mask_up */ = {
			isa = PBXGroup;
			children = (
				EA2721DB24ECBB8F00CF1D40 /* Utilities */,
				EAF6C7B924E9F9B100998955 /* Components */,
				EAC7CF1C24E39A4600ECBAB5 /* Views */,
				EAC7CEFB24E3920C00ECBAB5 /* Models */,
				EAC7CEAF24E3849700ECBAB5 /* AppDelegate.swift */,
				EAC7CEB124E3849700ECBAB5 /* SceneDelegate.swift */,
				EAC7CEB524E3849800ECBAB5 /* Assets.xcassets */,
				EAC7CEBA24E3849800ECBAB5 /* LaunchScreen.storyboard */,
				EAC7CEBD24E3849800ECBAB5 /* Info.plist */,
				EAC7CEB724E3849800ECBAB5 /* Preview Content */,
				EAF6C7BC24EA02C200998955 /* tmp.txt */,
				EA25C4962506B6430046441A /* mask_up.xcdatamodeld */,
			);
			path = mask_up;
			sourceTree = "<group>";
		};
		EAC7CEB724E3849800ECBAB5 /* Preview Content */ = {
			isa = PBXGroup;
			children = (
				EAC7CEB824E3849800ECBAB5 /* Preview Assets.xcassets */,
			);
			path = "Preview Content";
			sourceTree = "<group>";
		};
		EAC7CEFB24E3920C00ECBAB5 /* Models */ = {
			isa = PBXGroup;
			children = (
				EA25C49D2506B7560046441A /* MaskReminder+CoreDataClass.swift */,
				EA25C49E2506B7560046441A /* MaskReminder+CoreDataProperties.swift */,
			);
			path = Models;
			sourceTree = "<group>";
		};
		EAC7CF1C24E39A4600ECBAB5 /* Views */ = {
			isa = PBXGroup;
			children = (
				EAC7CF1D24E39A4600ECBAB5 /* NewDataSheet.swift */,
				EAC7CF1E24E39A4600ECBAB5 /* ContentView.swift */,
				EAF6C79B24E3A25B00998955 /* MultipleSelectionRow.swift */,
				EAF6C79D24E3A3C400998955 /* MultipleSelectionList.swift */,
				EA2721D924EA10E900CF1D40 /* EditDataSheet.swift */,
				EA25C4922506B51A0046441A /* LocationView.swift */,
			);
			path = Views;
			sourceTree = "<group>";
		};
		EAF6C7B924E9F9B100998955 /* Components */ = {
			isa = PBXGroup;
			children = (
				EAF6C7BA24E9F9C000998955 /* MaskReminderRow.swift */,
			);
			path = Components;
			sourceTree = "<group>";
		};
/* End PBXGroup section */

/* Begin PBXNativeTarget section */
		EAC7CEAB24E3849700ECBAB5 /* mask_up */ = {
			isa = PBXNativeTarget;
			buildConfigurationList = EAC7CEC024E3849800ECBAB5 /* Build configuration list for PBXNativeTarget "mask_up" */;
			buildPhases = (
				EAC7CEA824E3849700ECBAB5 /* Sources */,
				EAC7CEA924E3849700ECBAB5 /* Frameworks */,
				EAC7CEAA24E3849700ECBAB5 /* Resources */,
			);
			buildRules = (
			);
			dependencies = (
			);
			name = mask_up;
			productName = mask_up;
			productReference = EAC7CEAC24E3849700ECBAB5 /* mask_up.app */;
			productType = "com.apple.product-type.application";
		};
/* End PBXNativeTarget section */

/* Begin PBXProject section */
		EAC7CEA424E3849700ECBAB5 /* Project object */ = {
			isa = PBXProject;
			attributes = {
				LastSwiftUpdateCheck = 1160;
				LastUpgradeCheck = 1160;
				ORGANIZATIONNAME = "Farzam Noori";
				TargetAttributes = {
					EAC7CEAB24E3849700ECBAB5 = {
						CreatedOnToolsVersion = 11.6;
					};
				};
			};
			buildConfigurationList = EAC7CEA724E3849700ECBAB5 /* Build configuration list for PBXProject "mask_up" */;
			compatibilityVersion = "Xcode 9.3";
			developmentRegion = en;
			hasScannedForEncodings = 0;
			knownRegions = (
				en,
				Base,
			);
			mainGroup = EAC7CEA324E3849700ECBAB5;
			productRefGroup = EAC7CEAD24E3849700ECBAB5 /* Products */;
			projectDirPath = "";
			projectRoot = "";
			targets = (
				EAC7CEAB24E3849700ECBAB5 /* mask_up */,
			);
		};
/* End PBXProject section */

/* Begin PBXResourcesBuildPhase section */
		EAC7CEAA24E3849700ECBAB5 /* Resources */ = {
			isa = PBXResourcesBuildPhase;
			buildActionMask = 2147483647;
			files = (
				EAC7CEBC24E3849800ECBAB5 /* LaunchScreen.storyboard in Resources */,
				EAC7CEB924E3849800ECBAB5 /* Preview Assets.xcassets in Resources */,
				EAF6C7BD24EA02C200998955 /* tmp.txt in Resources */,
				EAC7CEB624E3849800ECBAB5 /* Assets.xcassets in Resources */,
			);
			runOnlyForDeploymentPostprocessing = 0;
		};
/* End PBXResourcesBuildPhase section */

/* Begin PBXSourcesBuildPhase section */
		EAC7CEA824E3849700ECBAB5 /* Sources */ = {
			isa = PBXSourcesBuildPhase;
			buildActionMask = 2147483647;
			files = (
				EA25C4982506B6430046441A /* mask_up.xcdatamodeld in Sources */,
				EAC7CEB024E3849700ECBAB5 /* AppDelegate.swift in Sources */,
				EAF6C79C24E3A25B00998955 /* MultipleSelectionRow.swift in Sources */,
				EA2721DA24EA10E900CF1D40 /* EditDataSheet.swift in Sources */,
				EAC7CF1F24E39A8A00ECBAB5 /* ContentView.swift in Sources */,
				EAC7CEB224E3849700ECBAB5 /* SceneDelegate.swift in Sources */,
				EAF6C79E24E3A3C400998955 /* MultipleSelectionList.swift in Sources */,
				EAF6C7BB24E9F9C000998955 /* MaskReminderRow.swift in Sources */,
				EA25C4932506B51A0046441A /* LocationView.swift in Sources */,
				EA25C49F2506B7560046441A /* MaskReminder+CoreDataClass.swift in Sources */,
				EAC7CF2024E39A8C00ECBAB5 /* NewDataSheet.swift in Sources */,
				EA25C4A02506B7560046441A /* MaskReminder+CoreDataProperties.swift in Sources */,
				EA2721F424F6080300CF1D40 /* LocationNotificationScheduler.swift in Sources */,
				EA2721DD24ECBBA000CF1D40 /* CoreDataUtility.swift in Sources */,
			);
			runOnlyForDeploymentPostprocessing = 0;
		};
/* End PBXSourcesBuildPhase section */

/* Begin PBXVariantGroup section */
		EAC7CEBA24E3849800ECBAB5 /* LaunchScreen.storyboard */ = {
			isa = PBXVariantGroup;
			children = (
				EAC7CEBB24E3849800ECBAB5 /* Base */,
			);
			name = LaunchScreen.storyboard;
			sourceTree = "<group>";
		};
/* End PBXVariantGroup section */

/* Begin XCBuildConfiguration section */
		EAC7CEBE24E3849800ECBAB5 /* Debug */ = {
			isa = XCBuildConfiguration;
			buildSettings = {
				ALWAYS_SEARCH_USER_PATHS = NO;
				CLANG_ANALYZER_NONNULL = YES;
				CLANG_ANALYZER_NUMBER_OBJECT_CONVERSION = YES_AGGRESSIVE;
				CLANG_CXX_LANGUAGE_STANDARD = "gnu++14";
				CLANG_CXX_LIBRARY = "libc++";
				CLANG_ENABLE_MODULES = YES;
				CLANG_ENABLE_OBJC_ARC = YES;
				CLANG_ENABLE_OBJC_WEAK = YES;
				CLANG_WARN_BLOCK_CAPTURE_AUTORELEASING = YES;
				CLANG_WARN_BOOL_CONVERSION = YES;
				CLANG_WARN_COMMA = YES;
				CLANG_WARN_CONSTANT_CONVERSION = YES;
				CLANG_WARN_DEPRECATED_OBJC_IMPLEMENTATIONS = YES;
				CLANG_WARN_DIRECT_OBJC_ISA_USAGE = YES_ERROR;
				CLANG_WARN_DOCUMENTATION_COMMENTS = YES;
				CLANG_WARN_EMPTY_BODY = YES;
				CLANG_WARN_ENUM_CONVERSION = YES;
				CLANG_WARN_INFINITE_RECURSION = YES;
				CLANG_WARN_INT_CONVERSION = YES;
				CLANG_WARN_NON_LITERAL_NULL_CONVERSION = YES;
				CLANG_WARN_OBJC_IMPLICIT_RETAIN_SELF = YES;
				CLANG_WARN_OBJC_LITERAL_CONVERSION = YES;
				CLANG_WARN_OBJC_ROOT_CLASS = YES_ERROR;
				CLANG_WARN_RANGE_LOOP_ANALYSIS = YES;
				CLANG_WARN_STRICT_PROTOTYPES = YES;
				CLANG_WARN_SUSPICIOUS_MOVE = YES;
				CLANG_WARN_UNGUARDED_AVAILABILITY = YES_AGGRESSIVE;
				CLANG_WARN_UNREACHABLE_CODE = YES;
				CLANG_WARN__DUPLICATE_METHOD_MATCH = YES;
				COPY_PHASE_STRIP = NO;
				DEBUG_INFORMATION_FORMAT = dwarf;
				ENABLE_STRICT_OBJC_MSGSEND = YES;
				ENABLE_TESTABILITY = YES;
				GCC_C_LANGUAGE_STANDARD = gnu11;
				GCC_DYNAMIC_NO_PIC = NO;
				GCC_NO_COMMON_BLOCKS = YES;
				GCC_OPTIMIZATION_LEVEL = 0;
				GCC_PREPROCESSOR_DEFINITIONS = (
					"DEBUG=1",
					"$(inherited)",
				);
				GCC_WARN_64_TO_32_BIT_CONVERSION = YES;
				GCC_WARN_ABOUT_RETURN_TYPE = YES_ERROR;
				GCC_WARN_UNDECLARED_SELECTOR = YES;
				GCC_WARN_UNINITIALIZED_AUTOS = YES_AGGRESSIVE;
				GCC_WARN_UNUSED_FUNCTION = YES;
				GCC_WARN_UNUSED_VARIABLE = YES;
				IPHONEOS_DEPLOYMENT_TARGET = 13.6;
				MTL_ENABLE_DEBUG_INFO = INCLUDE_SOURCE;
				MTL_FAST_MATH = YES;
				ONLY_ACTIVE_ARCH = YES;
				SDKROOT = iphoneos;
				SWIFT_ACTIVE_COMPILATION_CONDITIONS = DEBUG;
				SWIFT_OPTIMIZATION_LEVEL = "-Onone";
			};
			name = Debug;
		};
		EAC7CEBF24E3849800ECBAB5 /* Release */ = {
			isa = XCBuildConfiguration;
			buildSettings = {
				ALWAYS_SEARCH_USER_PATHS = NO;
				CLANG_ANALYZER_NONNULL = YES;
				CLANG_ANALYZER_NUMBER_OBJECT_CONVERSION = YES_AGGRESSIVE;
				CLANG_CXX_LANGUAGE_STANDARD = "gnu++14";
				CLANG_CXX_LIBRARY = "libc++";
				CLANG_ENABLE_MODULES = YES;
				CLANG_ENABLE_OBJC_ARC = YES;
				CLANG_ENABLE_OBJC_WEAK = YES;
				CLANG_WARN_BLOCK_CAPTURE_AUTORELEASING = YES;
				CLANG_WARN_BOOL_CONVERSION = YES;
				CLANG_WARN_COMMA = YES;
				CLANG_WARN_CONSTANT_CONVERSION = YES;
				CLANG_WARN_DEPRECATED_OBJC_IMPLEMENTATIONS = YES;
				CLANG_WARN_DIRECT_OBJC_ISA_USAGE = YES_ERROR;
				CLANG_WARN_DOCUMENTATION_COMMENTS = YES;
				CLANG_WARN_EMPTY_BODY = YES;
				CLANG_WARN_ENUM_CONVERSION = YES;
				CLANG_WARN_INFINITE_RECURSION = YES;
				CLANG_WARN_INT_CONVERSION = YES;
				CLANG_WARN_NON_LITERAL_NULL_CONVERSION = YES;
				CLANG_WARN_OBJC_IMPLICIT_RETAIN_SELF = YES;
				CLANG_WARN_OBJC_LITERAL_CONVERSION = YES;
				CLANG_WARN_OBJC_ROOT_CLASS = YES_ERROR;
				CLANG_WARN_RANGE_LOOP_ANALYSIS = YES;
				CLANG_WARN_STRICT_PROTOTYPES = YES;
				CLANG_WARN_SUSPICIOUS_MOVE = YES;
				CLANG_WARN_UNGUARDED_AVAILABILITY = YES_AGGRESSIVE;
				CLANG_WARN_UNREACHABLE_CODE = YES;
				CLANG_WARN__DUPLICATE_METHOD_MATCH = YES;
				COPY_PHASE_STRIP = NO;
				DEBUG_INFORMATION_FORMAT = "dwarf-with-dsym";
				ENABLE_NS_ASSERTIONS = NO;
				ENABLE_STRICT_OBJC_MSGSEND = YES;
				GCC_C_LANGUAGE_STANDARD = gnu11;
				GCC_NO_COMMON_BLOCKS = YES;
				GCC_WARN_64_TO_32_BIT_CONVERSION = YES;
				GCC_WARN_ABOUT_RETURN_TYPE = YES_ERROR;
				GCC_WARN_UNDECLARED_SELECTOR = YES;
				GCC_WARN_UNINITIALIZED_AUTOS = YES_AGGRESSIVE;
				GCC_WARN_UNUSED_FUNCTION = YES;
				GCC_WARN_UNUSED_VARIABLE = YES;
				IPHONEOS_DEPLOYMENT_TARGET = 13.6;
				MTL_ENABLE_DEBUG_INFO = NO;
				MTL_FAST_MATH = YES;
				SDKROOT = iphoneos;
				SWIFT_COMPILATION_MODE = wholemodule;
				SWIFT_OPTIMIZATION_LEVEL = "-O";
				VALIDATE_PRODUCT = YES;
			};
			name = Release;
		};
		EAC7CEC124E3849800ECBAB5 /* Debug */ = {
			isa = XCBuildConfiguration;
			buildSettings = {
				ASSETCATALOG_COMPILER_APPICON_NAME = AppIcon;
				CODE_SIGN_STYLE = Automatic;
				DEVELOPMENT_ASSET_PATHS = "\"mask_up/Preview Content\"";
				DEVELOPMENT_TEAM = NKD3LBZXQ6;
				ENABLE_PREVIEWS = YES;
				INFOPLIST_FILE = mask_up/Info.plist;
				LD_RUNPATH_SEARCH_PATHS = (
					"$(inherited)",
					"@executable_path/Frameworks",
				);
				PRODUCT_BUNDLE_IDENTIFIER = "com.farzamnoori.mask-up1";
				PRODUCT_NAME = "$(TARGET_NAME)";
				SWIFT_VERSION = 5.0;
				TARGETED_DEVICE_FAMILY = "1,2";
			};
			name = Debug;
		};
		EAC7CEC224E3849800ECBAB5 /* Release */ = {
			isa = XCBuildConfiguration;
			buildSettings = {
				ASSETCATALOG_COMPILER_APPICON_NAME = AppIcon;
				CODE_SIGN_STYLE = Automatic;
				DEVELOPMENT_ASSET_PATHS = "\"mask_up/Preview Content\"";
				DEVELOPMENT_TEAM = NKD3LBZXQ6;
				ENABLE_PREVIEWS = YES;
				INFOPLIST_FILE = mask_up/Info.plist;
				LD_RUNPATH_SEARCH_PATHS = (
					"$(inherited)",
					"@executable_path/Frameworks",
				);
				PRODUCT_BUNDLE_IDENTIFIER = "com.farzamnoori.mask-up1";
				PRODUCT_NAME = "$(TARGET_NAME)";
				SWIFT_VERSION = 5.0;
				TARGETED_DEVICE_FAMILY = "1,2";
			};
			name = Release;
		};
/* End XCBuildConfiguration section */

/* Begin XCConfigurationList section */
		EAC7CEA724E3849700ECBAB5 /* Build configuration list for PBXProject "mask_up" */ = {
			isa = XCConfigurationList;
			buildConfigurations = (
				EAC7CEBE24E3849800ECBAB5 /* Debug */,
				EAC7CEBF24E3849800ECBAB5 /* Release */,
			);
			defaultConfigurationIsVisible = 0;
			defaultConfigurationName = Release;
		};
		EAC7CEC024E3849800ECBAB5 /* Build configuration list for PBXNativeTarget "mask_up" */ = {
			isa = XCConfigurationList;
			buildConfigurations = (
				EAC7CEC124E3849800ECBAB5 /* Debug */,
				EAC7CEC224E3849800ECBAB5 /* Release */,
			);
			defaultConfigurationIsVisible = 0;
			defaultConfigurationName = Release;
		};
/* End XCConfigurationList section */

/* Begin XCVersionGroup section */
		EA25C4962506B6430046441A /* mask_up.xcdatamodeld */ = {
			isa = XCVersionGroup;
			children = (
				EA25C4972506B6430046441A /* mask_up.xcdatamodel */,
			);
			currentVersion = EA25C4972506B6430046441A /* mask_up.xcdatamodel */;
			path = mask_up.xcdatamodeld;
			sourceTree = "<group>";
			versionGroupType = wrapper.xcdatamodel;
		};
/* End XCVersionGroup section */
	};
	rootObject = EAC7CEA424E3849700ECBAB5 /* Project object */;
}
